
Microsoft Visual Studio Solution File, Format Version 12.00
# Visual Studio Version 16
VisualStudioVersion = 16.0.31515.178
MinimumVisualStudioVersion = 10.0.40219.1
Project("{FAE04EC0-301F-11D3-BF4B-00C04F79EFBC}") = "HelloWorld", "HelloWorld.csproj", "{038A9CFF-4F70-43A8-8C24-1A8CDB1E3406}"
EndProject
Global
	GlobalSection(SolutionConfigurationPlatforms) = preSolution
		Debug|Any CPU = Debug|Any CPU
		Release|Any CPU = Release|Any CPU
	EndGlobalSection
	GlobalSection(ProjectConfigurationPlatforms) = postSolution
		{038A9CFF-4F70-43A8-8C24-1A8CDB1E3406}.Debug|Any CPU.ActiveCfg = Debug|Any CPU
		{038A9CFF-4F70-43A8-8C24-1A8CDB1E3406}.Debug|Any CPU.Build.0 = Debug|Any CPU
		{038A9CFF-4F70-43A8-8C24-1A8CDB1E3406}.Release|Any CPU.ActiveCfg = Release|Any CPU
		{038A9CFF-4F70-43A8-8C24-1A8CDB1E3406}.Release|Any CPU.Build.0 = Release|Any CPU
	EndGlobalSection
	GlobalSection(SolutionProperties) = preSolution
		HideSolutionNode = FALSE
	EndGlobalSection
	GlobalSection(ExtensibilityGlobals) = postSolution
		SolutionGuid = {9DB51393-1C42-4132-B55A-E2C803D8B3BC}
	EndGlobalSection
EndGlobal
